
Microsoft Visual Studio Solution File, Format Version 12.00
Project("{FAE04EC0-301F-11D3-BF4B-00C04F79EFBC}") = "SupportVectorMachines", "SupportVectorMachines\SupportVectorMachines.csproj", "{0B96A806-B018-4A2A-A5DC-D0446DC276EF}"
EndProject
Project("{FAE04EC0-301F-11D3-BF4B-00C04F79EFBC}") = "DataCategorizer", "DataCategorizer\DataCategorizer.csproj", "{8BDA6714-5EF0-4C23-B78B-BD0B88822C11}"
EndProject
Global
	GlobalSection(SolutionConfigurationPlatforms) = preSolution
		Debug|Any CPU = Debug|Any CPU
		Release|Any CPU = Release|Any CPU
	EndGlobalSection
	GlobalSection(ProjectConfigurationPlatforms) = postSolution
		{0B96A806-B018-4A2A-A5DC-D0446DC276EF}.Debug|Any CPU.ActiveCfg = Debug|Any CPU
		{0B96A806-B018-4A2A-A5DC-D0446DC276EF}.Debug|Any CPU.Build.0 = Debug|Any CPU
		{0B96A806-B018-4A2A-A5DC-D0446DC276EF}.Release|Any CPU.ActiveCfg = Release|Any CPU
		{0B96A806-B018-4A2A-A5DC-D0446DC276EF}.Release|Any CPU.Build.0 = Release|Any CPU
		{8BDA6714-5EF0-4C23-B78B-BD0B88822C11}.Release|Any CPU.ActiveCfg = Release|Any CPU
		{8BDA6714-5EF0-4C23-B78B-BD0B88822C11}.Release|Any CPU.Build.0 = Release|Any CPU
		{8BDA6714-5EF0-4C23-B78B-BD0B88822C11}.Debug|Any CPU.ActiveCfg = Release|Any CPU
		{8BDA6714-5EF0-4C23-B78B-BD0B88822C11}.Debug|Any CPU.Build.0 = Release|Any CPU
	EndGlobalSection
EndGlobal
