
Microsoft Visual Studio Solution File, Format Version 12.00
Project("{FAE04EC0-301F-11D3-BF4B-00C04F79EFBC}") = "DrawDist", "DrawDist\DrawDist.csproj", "{54535787-0B91-4DD8-A454-CD8EC8AD27B4}"
EndProject
Project("{FAE04EC0-301F-11D3-BF4B-00C04F79EFBC}") = "OneHotCoder", "OneHotCoder\OneHotCoder.csproj", "{906A9684-8680-4EC4-9603-4B60DDCE72AE}"
EndProject
Project("{FAE04EC0-301F-11D3-BF4B-00C04F79EFBC}") = "Scale", "Scale\Scale.csproj", "{0517A203-4ABC-40AC-8B6C-4F16A00904FC}"
EndProject
Project("{FAE04EC0-301F-11D3-BF4B-00C04F79EFBC}") = "Common", "Common\Common.csproj", "{568A5706-1E13-48A3-9ED4-594C4680841A}"
EndProject
Project("{FAE04EC0-301F-11D3-BF4B-00C04F79EFBC}") = "Outliers", "Outliers\Outliers.csproj", "{EAD6AC14-835D-4B1C-A8E6-4261213CE37E}"
EndProject
Global
	GlobalSection(SolutionConfigurationPlatforms) = preSolution
		Debug|Any CPU = Debug|Any CPU
		Release|Any CPU = Release|Any CPU
	EndGlobalSection
	GlobalSection(ProjectConfigurationPlatforms) = postSolution
		{54535787-0B91-4DD8-A454-CD8EC8AD27B4}.Debug|Any CPU.ActiveCfg = Debug|Any CPU
		{54535787-0B91-4DD8-A454-CD8EC8AD27B4}.Debug|Any CPU.Build.0 = Debug|Any CPU
		{54535787-0B91-4DD8-A454-CD8EC8AD27B4}.Release|Any CPU.ActiveCfg = Release|Any CPU
		{54535787-0B91-4DD8-A454-CD8EC8AD27B4}.Release|Any CPU.Build.0 = Release|Any CPU
		{906A9684-8680-4EC4-9603-4B60DDCE72AE}.Debug|Any CPU.ActiveCfg = Debug|Any CPU
		{906A9684-8680-4EC4-9603-4B60DDCE72AE}.Debug|Any CPU.Build.0 = Debug|Any CPU
		{906A9684-8680-4EC4-9603-4B60DDCE72AE}.Release|Any CPU.ActiveCfg = Release|Any CPU
		{906A9684-8680-4EC4-9603-4B60DDCE72AE}.Release|Any CPU.Build.0 = Release|Any CPU
		{0517A203-4ABC-40AC-8B6C-4F16A00904FC}.Debug|Any CPU.ActiveCfg = Debug|Any CPU
		{0517A203-4ABC-40AC-8B6C-4F16A00904FC}.Debug|Any CPU.Build.0 = Debug|Any CPU
		{0517A203-4ABC-40AC-8B6C-4F16A00904FC}.Release|Any CPU.ActiveCfg = Release|Any CPU
		{0517A203-4ABC-40AC-8B6C-4F16A00904FC}.Release|Any CPU.Build.0 = Release|Any CPU
		{568A5706-1E13-48A3-9ED4-594C4680841A}.Debug|Any CPU.ActiveCfg = Debug|Any CPU
		{568A5706-1E13-48A3-9ED4-594C4680841A}.Debug|Any CPU.Build.0 = Debug|Any CPU
		{568A5706-1E13-48A3-9ED4-594C4680841A}.Release|Any CPU.ActiveCfg = Release|Any CPU
		{568A5706-1E13-48A3-9ED4-594C4680841A}.Release|Any CPU.Build.0 = Release|Any CPU
		{EAD6AC14-835D-4B1C-A8E6-4261213CE37E}.Debug|Any CPU.ActiveCfg = Debug|Any CPU
		{EAD6AC14-835D-4B1C-A8E6-4261213CE37E}.Debug|Any CPU.Build.0 = Debug|Any CPU
		{EAD6AC14-835D-4B1C-A8E6-4261213CE37E}.Release|Any CPU.ActiveCfg = Release|Any CPU
		{EAD6AC14-835D-4B1C-A8E6-4261213CE37E}.Release|Any CPU.Build.0 = Release|Any CPU
	EndGlobalSection
EndGlobal
